lockfileVersion: '9.0'

settings:
  autoInstallPeers: true
  excludeLinksFromLockfile: false

importers:

  .:
    dependencies:
      chessops:
        specifier: ^0.14.1
        version: 0.14.1

packages:

  '@badrap/result@0.2.13':
    resolution: {integrity: sha512-Qvyzz0dmGY0h8pwvBFo1BznAKf5Y5NXIDiqhPALWtfU7oHbAToCtPu4FlYQ3uysskSWLx8GUiyhe0nv0nDd/7Q==}

  chessops@0.14.1:
    resolution: {integrity: sha512-CnMcfypDVrl/+MkErK0YMAEvivAAnUQ/2f32C54F9HbmDVEDjvoXJYLnS//+4HWGLqGA5+yDs+Y2T0gsxxLgpQ==}

snapshots:

  '@badrap/result@0.2.13': {}

  chessops@0.14.1:
    dependencies:
      '@badrap/result': 0.2.13
